
Microsoft Visual Studio Solution File, Format Version 12.00
# Visual Studio 2012
Project("{FAE04EC0-301F-11D3-BF4B-00C04F79EFBC}") = "Plant_Tagger", "Plant_Tagger\Plant_Tagger.csproj", "{75B6DBA1-8006-40B3-B018-659D57EA691D}"
EndProject
Project("{FAE04EC0-301F-11D3-BF4B-00C04F79EFBC}") = "Plant_Tagger.iOS", "iOS\Plant_Tagger.iOS.csproj", "{5AF45061-8A24-40DA-B42E-A7A5F2C1B2C7}"
EndProject
Project("{FAE04EC0-301F-11D3-BF4B-00C04F79EFBC}") = "Plant_Tagger.Droid", "Droid\Plant_Tagger.Droid.csproj", "{0AF916A0-C16E-4CBD-9028-245619DC2E16}"
EndProject
Global
	GlobalSection(SolutionConfigurationPlatforms) = preSolution
		Debug|Any CPU = Debug|Any CPU
		Release|Any CPU = Release|Any CPU
		Debug|iPhoneSimulator = Debug|iPhoneSimulator
		Release|iPhone = Release|iPhone
		Release|iPhoneSimulator = Release|iPhoneSimulator
		Debug|iPhone = Debug|iPhone
	EndGlobalSection
	GlobalSection(ProjectConfigurationPlatforms) = postSolution
		{75B6DBA1-8006-40B3-B018-659D57EA691D}.Debug|Any CPU.ActiveCfg = Debug|Any CPU
		{75B6DBA1-8006-40B3-B018-659D57EA691D}.Debug|Any CPU.Build.0 = Debug|Any CPU
		{75B6DBA1-8006-40B3-B018-659D57EA691D}.Release|Any CPU.ActiveCfg = Release|Any CPU
		{75B6DBA1-8006-40B3-B018-659D57EA691D}.Release|Any CPU.Build.0 = Release|Any CPU
		{75B6DBA1-8006-40B3-B018-659D57EA691D}.Debug|iPhoneSimulator.ActiveCfg = Debug|Any CPU
		{75B6DBA1-8006-40B3-B018-659D57EA691D}.Debug|iPhoneSimulator.Build.0 = Debug|Any CPU
		{75B6DBA1-8006-40B3-B018-659D57EA691D}.Release|iPhone.ActiveCfg = Release|Any CPU
		{75B6DBA1-8006-40B3-B018-659D57EA691D}.Release|iPhone.Build.0 = Release|Any CPU
		{75B6DBA1-8006-40B3-B018-659D57EA691D}.Release|iPhoneSimulator.ActiveCfg = Release|Any CPU
		{75B6DBA1-8006-40B3-B018-659D57EA691D}.Release|iPhoneSimulator.Build.0 = Release|Any CPU
		{75B6DBA1-8006-40B3-B018-659D57EA691D}.Debug|iPhone.ActiveCfg = Debug|Any CPU
		{75B6DBA1-8006-40B3-B018-659D57EA691D}.Debug|iPhone.Build.0 = Debug|Any CPU
		{5AF45061-8A24-40DA-B42E-A7A5F2C1B2C7}.Debug|Any CPU.ActiveCfg = Debug|iPhoneSimulator
		{5AF45061-8A24-40DA-B42E-A7A5F2C1B2C7}.Debug|Any CPU.Build.0 = Debug|iPhoneSimulator
		{5AF45061-8A24-40DA-B42E-A7A5F2C1B2C7}.Release|Any CPU.ActiveCfg = Release|iPhone
		{5AF45061-8A24-40DA-B42E-A7A5F2C1B2C7}.Release|Any CPU.Build.0 = Release|iPhone
		{5AF45061-8A24-40DA-B42E-A7A5F2C1B2C7}.Debug|iPhoneSimulator.ActiveCfg = Debug|iPhoneSimulator
		{5AF45061-8A24-40DA-B42E-A7A5F2C1B2C7}.Debug|iPhoneSimulator.Build.0 = Debug|iPhoneSimulator
		{5AF45061-8A24-40DA-B42E-A7A5F2C1B2C7}.Release|iPhone.ActiveCfg = Release|iPhone
		{5AF45061-8A24-40DA-B42E-A7A5F2C1B2C7}.Release|iPhone.Build.0 = Release|iPhone
		{5AF45061-8A24-40DA-B42E-A7A5F2C1B2C7}.Release|iPhoneSimulator.ActiveCfg = Release|iPhoneSimulator
		{5AF45061-8A24-40DA-B42E-A7A5F2C1B2C7}.Release|iPhoneSimulator.Build.0 = Release|iPhoneSimulator
		{5AF45061-8A24-40DA-B42E-A7A5F2C1B2C7}.Debug|iPhone.ActiveCfg = Debug|iPhone
		{5AF45061-8A24-40DA-B42E-A7A5F2C1B2C7}.Debug|iPhone.Build.0 = Debug|iPhone
		{0AF916A0-C16E-4CBD-9028-245619DC2E16}.Debug|Any CPU.ActiveCfg = Debug|Any CPU
		{0AF916A0-C16E-4CBD-9028-245619DC2E16}.Debug|Any CPU.Build.0 = Debug|Any CPU
		{0AF916A0-C16E-4CBD-9028-245619DC2E16}.Release|Any CPU.ActiveCfg = Release|Any CPU
		{0AF916A0-C16E-4CBD-9028-245619DC2E16}.Release|Any CPU.Build.0 = Release|Any CPU
		{0AF916A0-C16E-4CBD-9028-245619DC2E16}.Debug|iPhoneSimulator.ActiveCfg = Debug|Any CPU
		{0AF916A0-C16E-4CBD-9028-245619DC2E16}.Debug|iPhoneSimulator.Build.0 = Debug|Any CPU
		{0AF916A0-C16E-4CBD-9028-245619DC2E16}.Release|iPhone.ActiveCfg = Release|Any CPU
		{0AF916A0-C16E-4CBD-9028-245619DC2E16}.Release|iPhone.Build.0 = Release|Any CPU
		{0AF916A0-C16E-4CBD-9028-245619DC2E16}.Release|iPhoneSimulator.ActiveCfg = Release|Any CPU
		{0AF916A0-C16E-4CBD-9028-245619DC2E16}.Release|iPhoneSimulator.Build.0 = Release|Any CPU
		{0AF916A0-C16E-4CBD-9028-245619DC2E16}.Debug|iPhone.ActiveCfg = Debug|Any CPU
		{0AF916A0-C16E-4CBD-9028-245619DC2E16}.Debug|iPhone.Build.0 = Debug|Any CPU
	EndGlobalSection
EndGlobal
